
Microsoft Visual Studio Solution File, Format Version 12.00
# Visual Studio Version 17
VisualStudioVersion = 17.13.35931.197 d17.13
MinimumVisualStudioVersion = 10.0.40219.1
Project("{8BC9CEB8-8B4A-11D0-8D11-00A0C91BC942}") = "PG3_01_01", "PG3_01_01.vcxproj", "{52B43F5C-DB69-40B5-8DFB-4ACECB5E7CB3}"
EndProject
Global
	GlobalSection(SolutionConfigurationPlatforms) = preSolution
		Debug|x64 = Debug|x64
		Debug|x86 = Debug|x86
		Release|x64 = Release|x64
		Release|x86 = Release|x86
	EndGlobalSection
	GlobalSection(ProjectConfigurationPlatforms) = postSolution
		{52B43F5C-DB69-40B5-8DFB-4ACECB5E7CB3}.Debug|x64.ActiveCfg = Debug|x64
		{52B43F5C-DB69-40B5-8DFB-4ACECB5E7CB3}.Debug|x64.Build.0 = Debug|x64
		{52B43F5C-DB69-40B5-8DFB-4ACECB5E7CB3}.Debug|x86.ActiveCfg = Debug|Win32
		{52B43F5C-DB69-40B5-8DFB-4ACECB5E7CB3}.Debug|x86.Build.0 = Debug|Win32
		{52B43F5C-DB69-40B5-8DFB-4ACECB5E7CB3}.Release|x64.ActiveCfg = Release|x64
		{52B43F5C-DB69-40B5-8DFB-4ACECB5E7CB3}.Release|x64.Build.0 = Release|x64
		{52B43F5C-DB69-40B5-8DFB-4ACECB5E7CB3}.Release|x86.ActiveCfg = Release|Win32
		{52B43F5C-DB69-40B5-8DFB-4ACECB5E7CB3}.Release|x86.Build.0 = Release|Win32
	EndGlobalSection
	GlobalSection(SolutionProperties) = preSolution
		HideSolutionNode = FALSE
	EndGlobalSection
	GlobalSection(ExtensibilityGlobals) = postSolution
		SolutionGuid = {509EAF13-2178-4D85-AB1C-09A738093FD8}
	EndGlobalSection
EndGlobal
